
Microsoft Visual Studio Solution File, Format Version 12.00
# Visual Studio Version 17
VisualStudioVersion = 17.5.002.0
MinimumVisualStudioVersion = 10.0.40219.1
Project("{9A19103F-16F7-4668-BE54-9A1E7A4F7556}") = "demo-06a-solution", "demo-06a-solution\demo-06a-solution.csproj", "{4F5C8A49-B97F-40E8-BC1E-9B786E601D54}"
EndProject
Project("{9A19103F-16F7-4668-BE54-9A1E7A4F7556}") = "demo-06a", "demo-06a\demo-06a.csproj", "{12FC1B2A-975D-4547-ADE2-7D42B0087E68}"
EndProject
Project("{9A19103F-16F7-4668-BE54-9A1E7A4F7556}") = "prove-06", "prove-06-NicHanks-main\prove-06.csproj", "{DB1E8FDC-4692-4AD7-AD5A-6DF9769E6F3F}"
EndProject
Project("{9A19103F-16F7-4668-BE54-9A1E7A4F7556}") = "demo-06c-solution", "demo-06c-solution\demo-06c-solution.csproj", "{C46035A9-446C-4750-8750-7CB595823AE2}"
EndProject
Project("{9A19103F-16F7-4668-BE54-9A1E7A4F7556}") = "demo-06b-solution", "demo-06b-solution\demo-06b-solution.csproj", "{1FC0D7F8-3285-49C8-9ABA-3116EC60C317}"
EndProject
Project("{9A19103F-16F7-4668-BE54-9A1E7A4F7556}") = "demo-06c", "demo-06c\demo-06c.csproj", "{B54F1D08-B2BB-4D52-9033-8A5E03721568}"
EndProject
Project("{9A19103F-16F7-4668-BE54-9A1E7A4F7556}") = "demo-06b", "demo-06b\demo-06b.csproj", "{48FC2376-9545-40AE-9548-062C31C40B0B}"
EndProject
Global
	GlobalSection(SolutionConfigurationPlatforms) = preSolution
		Debug|Any CPU = Debug|Any CPU
		Release|Any CPU = Release|Any CPU
	EndGlobalSection
	GlobalSection(ProjectConfigurationPlatforms) = postSolution
		{4F5C8A49-B97F-40E8-BC1E-9B786E601D54}.Debug|Any CPU.ActiveCfg = Debug|Any CPU
		{4F5C8A49-B97F-40E8-BC1E-9B786E601D54}.Debug|Any CPU.Build.0 = Debug|Any CPU
		{4F5C8A49-B97F-40E8-BC1E-9B786E601D54}.Release|Any CPU.ActiveCfg = Release|Any CPU
		{4F5C8A49-B97F-40E8-BC1E-9B786E601D54}.Release|Any CPU.Build.0 = Release|Any CPU
		{12FC1B2A-975D-4547-ADE2-7D42B0087E68}.Debug|Any CPU.ActiveCfg = Debug|Any CPU
		{12FC1B2A-975D-4547-ADE2-7D42B0087E68}.Debug|Any CPU.Build.0 = Debug|Any CPU
		{12FC1B2A-975D-4547-ADE2-7D42B0087E68}.Release|Any CPU.ActiveCfg = Release|Any CPU
		{12FC1B2A-975D-4547-ADE2-7D42B0087E68}.Release|Any CPU.Build.0 = Release|Any CPU
		{DB1E8FDC-4692-4AD7-AD5A-6DF9769E6F3F}.Debug|Any CPU.ActiveCfg = Debug|Any CPU
		{DB1E8FDC-4692-4AD7-AD5A-6DF9769E6F3F}.Debug|Any CPU.Build.0 = Debug|Any CPU
		{DB1E8FDC-4692-4AD7-AD5A-6DF9769E6F3F}.Release|Any CPU.ActiveCfg = Release|Any CPU
		{DB1E8FDC-4692-4AD7-AD5A-6DF9769E6F3F}.Release|Any CPU.Build.0 = Release|Any CPU
		{C46035A9-446C-4750-8750-7CB595823AE2}.Debug|Any CPU.ActiveCfg = Debug|Any CPU
		{C46035A9-446C-4750-8750-7CB595823AE2}.Debug|Any CPU.Build.0 = Debug|Any CPU
		{C46035A9-446C-4750-8750-7CB595823AE2}.Release|Any CPU.ActiveCfg = Release|Any CPU
		{C46035A9-446C-4750-8750-7CB595823AE2}.Release|Any CPU.Build.0 = Release|Any CPU
		{1FC0D7F8-3285-49C8-9ABA-3116EC60C317}.Debug|Any CPU.ActiveCfg = Debug|Any CPU
		{1FC0D7F8-3285-49C8-9ABA-3116EC60C317}.Debug|Any CPU.Build.0 = Debug|Any CPU
		{1FC0D7F8-3285-49C8-9ABA-3116EC60C317}.Release|Any CPU.ActiveCfg = Release|Any CPU
		{1FC0D7F8-3285-49C8-9ABA-3116EC60C317}.Release|Any CPU.Build.0 = Release|Any CPU
		{B54F1D08-B2BB-4D52-9033-8A5E03721568}.Debug|Any CPU.ActiveCfg = Debug|Any CPU
		{B54F1D08-B2BB-4D52-9033-8A5E03721568}.Debug|Any CPU.Build.0 = Debug|Any CPU
		{B54F1D08-B2BB-4D52-9033-8A5E03721568}.Release|Any CPU.ActiveCfg = Release|Any CPU
		{B54F1D08-B2BB-4D52-9033-8A5E03721568}.Release|Any CPU.Build.0 = Release|Any CPU
		{48FC2376-9545-40AE-9548-062C31C40B0B}.Debug|Any CPU.ActiveCfg = Debug|Any CPU
		{48FC2376-9545-40AE-9548-062C31C40B0B}.Debug|Any CPU.Build.0 = Debug|Any CPU
		{48FC2376-9545-40AE-9548-062C31C40B0B}.Release|Any CPU.ActiveCfg = Release|Any CPU
		{48FC2376-9545-40AE-9548-062C31C40B0B}.Release|Any CPU.Build.0 = Release|Any CPU
	EndGlobalSection
	GlobalSection(SolutionProperties) = preSolution
		HideSolutionNode = FALSE
	EndGlobalSection
	GlobalSection(ExtensibilityGlobals) = postSolution
		SolutionGuid = {A1F3C978-B68C-40EF-AC1E-159AA2DC6675}
	EndGlobalSection
EndGlobal
