
Microsoft Visual Studio Solution File, Format Version 12.00
# Visual Studio Version 17
VisualStudioVersion = 17.5.002.0
MinimumVisualStudioVersion = 10.0.40219.1
Project("{9A19103F-16F7-4668-BE54-9A1E7A4F7556}") = "demo-08c", "demo-08c.csproj", "{51035777-1059-49F5-929B-33B73D4DBC30}"
EndProject
Project("{9A19103F-16F7-4668-BE54-9A1E7A4F7556}") = "demo-08c-solution", "demo-08c-solution\demo-08c-solution.csproj", "{F9B7C030-A331-4D3A-A1FF-F1A4B5C1A13A}"
EndProject
Global
	GlobalSection(SolutionConfigurationPlatforms) = preSolution
		Debug|Any CPU = Debug|Any CPU
		Release|Any CPU = Release|Any CPU
	EndGlobalSection
	GlobalSection(ProjectConfigurationPlatforms) = postSolution
		{51035777-1059-49F5-929B-33B73D4DBC30}.Debug|Any CPU.ActiveCfg = Debug|Any CPU
		{51035777-1059-49F5-929B-33B73D4DBC30}.Debug|Any CPU.Build.0 = Debug|Any CPU
		{51035777-1059-49F5-929B-33B73D4DBC30}.Release|Any CPU.ActiveCfg = Release|Any CPU
		{51035777-1059-49F5-929B-33B73D4DBC30}.Release|Any CPU.Build.0 = Release|Any CPU
		{F9B7C030-A331-4D3A-A1FF-F1A4B5C1A13A}.Debug|Any CPU.ActiveCfg = Debug|Any CPU
		{F9B7C030-A331-4D3A-A1FF-F1A4B5C1A13A}.Debug|Any CPU.Build.0 = Debug|Any CPU
		{F9B7C030-A331-4D3A-A1FF-F1A4B5C1A13A}.Release|Any CPU.ActiveCfg = Release|Any CPU
		{F9B7C030-A331-4D3A-A1FF-F1A4B5C1A13A}.Release|Any CPU.Build.0 = Release|Any CPU
	EndGlobalSection
	GlobalSection(SolutionProperties) = preSolution
		HideSolutionNode = FALSE
	EndGlobalSection
	GlobalSection(ExtensibilityGlobals) = postSolution
		SolutionGuid = {BA44C2A2-B628-4028-8901-E1E45A1C5A73}
	EndGlobalSection
EndGlobal
