
Microsoft Visual Studio Solution File, Format Version 12.00
Project("{FAE04EC0-301F-11D3-BF4B-00C04F79EFBC}") = "queue-example", "queue-example\queue-example.csproj", "{243020A9-8DE9-44DE-BA25-1618F41E8549}"
EndProject
Global
	GlobalSection(SolutionConfigurationPlatforms) = preSolution
		Debug|Any CPU = Debug|Any CPU
		Release|Any CPU = Release|Any CPU
	EndGlobalSection
	GlobalSection(ProjectConfigurationPlatforms) = postSolution
		{243020A9-8DE9-44DE-BA25-1618F41E8549}.Debug|Any CPU.ActiveCfg = Debug|Any CPU
		{243020A9-8DE9-44DE-BA25-1618F41E8549}.Debug|Any CPU.Build.0 = Debug|Any CPU
		{243020A9-8DE9-44DE-BA25-1618F41E8549}.Release|Any CPU.ActiveCfg = Release|Any CPU
		{243020A9-8DE9-44DE-BA25-1618F41E8549}.Release|Any CPU.Build.0 = Release|Any CPU
	EndGlobalSection
EndGlobal
